
Microsoft Visual Studio Solution File, Format Version 12.00
# Visual Studio Version 17
VisualStudioVersion = 17.0.32126.317
MinimumVisualStudioVersion = 10.0.40219.1
Project("{9A19103F-16F7-4668-BE54-9A1E7A4F7556}") = "ZAVOD-KZZ", "ZAVOD-KZZ.csproj", "{12D53AA0-4E26-4CD9-A01C-7D625990E10B}"
EndProject
Global
	GlobalSection(SolutionConfigurationPlatforms) = preSolution
		Debug|Any CPU = Debug|Any CPU
		Release|Any CPU = Release|Any CPU
	EndGlobalSection
	GlobalSection(ProjectConfigurationPlatforms) = postSolution
		{12D53AA0-4E26-4CD9-A01C-7D625990E10B}.Debug|Any CPU.ActiveCfg = Debug|Any CPU
		{12D53AA0-4E26-4CD9-A01C-7D625990E10B}.Debug|Any CPU.Build.0 = Debug|Any CPU
		{12D53AA0-4E26-4CD9-A01C-7D625990E10B}.Release|Any CPU.ActiveCfg = Release|Any CPU
		{12D53AA0-4E26-4CD9-A01C-7D625990E10B}.Release|Any CPU.Build.0 = Release|Any CPU
	EndGlobalSection
	GlobalSection(SolutionProperties) = preSolution
		HideSolutionNode = FALSE
	EndGlobalSection
	GlobalSection(ExtensibilityGlobals) = postSolution
		SolutionGuid = {2705E1D7-2956-4516-A63A-36A16FC4BCD6}
	EndGlobalSection
EndGlobal
